// !$*UTF8*$!
{
	archiveVersion = 1;
	classes = {
	};
	objectVersion = 46;
	objects = {

/* Begin PBXBuildFile section */
		F3F93EBC1DCB738000BB8BEB /* AppDelegate.swift in Sources */ = {isa = PBXBuildFile; fileRef = F3F93EBB1DCB738000BB8BEB /* AppDelegate.swift */; };
		F3F93EBE1DCB738000BB8BEB /* ViewController.swift in Sources */ = {isa = PBXBuildFile; fileRef = F3F93EBD1DCB738000BB8BEB /* ViewController.swift */; };
		F3F93EC11DCB738000BB8BEB /* Main.storyboard in Resources */ = {isa = PBXBuildFile; fileRef = F3F93EBF1DCB738000BB8BEB /* Main.storyboard */; };
		F3F93EC31DCB738000BB8BEB /* Assets.xcassets in Resources */ = {isa = PBXBuildFile; fileRef = F3F93EC21DCB738000BB8BEB /* Assets.xcassets */; };
		F3F93EC61DCB738000BB8BEB /* LaunchScreen.storyboard in Resources */ = {isa = PBXBuildFile; fileRef = F3F93EC41DCB738000BB8BEB /* LaunchScreen.storyboard */; };
		F3F93ED11DCB738100BB8BEB /* TextViewMitButtonTests.swift in Sources */ = {isa = PBXBuildFile; fileRef = F3F93ED01DCB738100BB8BEB /* TextViewMitButtonTests.swift */; };
		F3F93EDC1DCB73AD00BB8BEB /* TextViewWithButton.swift in Sources */ = {isa = PBXBuildFile; fileRef = F3F93EDB1DCB73AD00BB8BEB /* TextViewWithButton.swift */; };
		F3F93EDD1DCB818C00BB8BEB /* TextViewWithButton.swift in Sources */ = {isa = PBXBuildFile; fileRef = F3F93EDB1DCB73AD00BB8BEB /* TextViewWithButton.swift */; };
		F3F93EE11DCCBD8400BB8BEB /* ViewController.swift in Sources */ = {isa = PBXBuildFile; fileRef = F3F93EBD1DCB738000BB8BEB /* ViewController.swift */; };
/* End PBXBuildFile section */

/* Begin PBXContainerItemProxy section */
		F3F93ECD1DCB738100BB8BEB /* PBXContainerItemProxy */ = {
			isa = PBXContainerItemProxy;
			containerPortal = F3F93EB01DCB738000BB8BEB /* Project object */;
			proxyType = 1;
			remoteGlobalIDString = F3F93EB71DCB738000BB8BEB;
			remoteInfo = TextViewMitButton;
		};
/* End PBXContainerItemProxy section */

/* Begin PBXFileReference section */
		F3F93EB81DCB738000BB8BEB /* TextViewMitButton.app */ = {isa = PBXFileReference; explicitFileType = wrapper.application; includeInIndex = 0; path = TextViewMitButton.app; sourceTree = BUILT_PRODUCTS_DIR; };
		F3F93EBB1DCB738000BB8BEB /* AppDelegate.swift */ = {isa = PBXFileReference; lastKnownFileType = sourcecode.swift; path = AppDelegate.swift; sourceTree = "<group>"; };
		F3F93EBD1DCB738000BB8BEB /* ViewController.swift */ = {isa = PBXFileReference; lastKnownFileType = sourcecode.swift; path = ViewController.swift; sourceTree = "<group>"; };
		F3F93EC01DCB738000BB8BEB /* Base */ = {isa = PBXFileReference; lastKnownFileType = file.storyboard; name = Base; path = Base.lproj/Main.storyboard; sourceTree = "<group>"; };
		F3F93EC21DCB738000BB8BEB /* Assets.xcassets */ = {isa = PBXFileReference; lastKnownFileType = folder.assetcatalog; path = Assets.xcassets; sourceTree = "<group>"; };
		F3F93EC51DCB738000BB8BEB /* Base */ = {isa = PBXFileReference; lastKnownFileType = file.storyboard; name = Base; path = Base.lproj/LaunchScreen.storyboard; sourceTree = "<group>"; };
		F3F93EC71DCB738000BB8BEB /* Info.plist */ = {isa = PBXFileReference; lastKnownFileType = text.plist.xml; path = Info.plist; sourceTree = "<group>"; };
		F3F93ECC1DCB738100BB8BEB /* TextViewMitButtonTests.xctest */ = {isa = PBXFileReference; explicitFileType = wrapper.cfbundle; includeInIndex = 0; path = TextViewMitButtonTests.xctest; sourceTree = BUILT_PRODUCTS_DIR; };
		F3F93ED01DCB738100BB8BEB /* TextViewMitButtonTests.swift */ = {isa = PBXFileReference; lastKnownFileType = sourcecode.swift; path = TextViewMitButtonTests.swift; sourceTree = "<group>"; };
		F3F93ED21DCB738100BB8BEB /* Info.plist */ = {isa = PBXFileReference; lastKnownFileType = text.plist.xml; path = Info.plist; sourceTree = "<group>"; };
		F3F93EDB1DCB73AD00BB8BEB /* TextViewWithButton.swift */ = {isa = PBXFileReference; fileEncoding = 4; lastKnownFileType = sourcecode.swift; path = TextViewWithButton.swift; sourceTree = "<group>"; };
/* End PBXFileReference section */

/* Begin PBXFrameworksBuildPhase section */
		F3F93EB51DCB738000BB8BEB /* Frameworks */ = {
			isa = PBXFrameworksBuildPhase;
			buildActionMask = 2147483647;
			files = (
			);
			runOnlyForDeploymentPostprocessing = 0;
		};
		F3F93EC91DCB738100BB8BEB /* Frameworks */ = {
			isa = PBXFrameworksBuildPhase;
			buildActionMask = 2147483647;
			files = (
			);
			runOnlyForDeploymentPostprocessing = 0;
		};
/* End PBXFrameworksBuildPhase section */

/* Begin PBXGroup section */
		F3F93EAF1DCB738000BB8BEB = {
			isa = PBXGroup;
			children = (
				F3F93EBA1DCB738000BB8BEB /* TextViewMitButton */,
				F3F93ECF1DCB738100BB8BEB /* TextViewMitButtonTests */,
				F3F93EB91DCB738000BB8BEB /* Products */,
			);
			sourceTree = "<group>";
		};
		F3F93EB91DCB738000BB8BEB /* Products */ = {
			isa = PBXGroup;
			children = (
				F3F93EB81DCB738000BB8BEB /* TextViewMitButton.app */,
				F3F93ECC1DCB738100BB8BEB /* TextViewMitButtonTests.xctest */,
			);
			name = Products;
			sourceTree = "<group>";
		};
		F3F93EBA1DCB738000BB8BEB /* TextViewMitButton */ = {
			isa = PBXGroup;
			children = (
				F3F93EBB1DCB738000BB8BEB /* AppDelegate.swift */,
				F3F93EBD1DCB738000BB8BEB /* ViewController.swift */,
				F3F93EDB1DCB73AD00BB8BEB /* TextViewWithButton.swift */,
				F3F93EBF1DCB738000BB8BEB /* Main.storyboard */,
				F3F93EC21DCB738000BB8BEB /* Assets.xcassets */,
				F3F93EC41DCB738000BB8BEB /* LaunchScreen.storyboard */,
				F3F93EC71DCB738000BB8BEB /* Info.plist */,
			);
			path = TextViewMitButton;
			sourceTree = "<group>";
		};
		F3F93ECF1DCB738100BB8BEB /* TextViewMitButtonTests */ = {
			isa = PBXGroup;
			children = (
				F3F93ED01DCB738100BB8BEB /* TextViewMitButtonTests.swift */,
				F3F93ED21DCB738100BB8BEB /* Info.plist */,
			);
			path = TextViewMitButtonTests;
			sourceTree = "<group>";
		};
/* End PBXGroup section */

/* Begin PBXNativeTarget section */
		F3F93EB71DCB738000BB8BEB /* TextViewMitButton */ = {
			isa = PBXNativeTarget;
			buildConfigurationList = F3F93ED51DCB738100BB8BEB /* Build configuration list for PBXNativeTarget "TextViewMitButton" */;
			buildPhases = (
				F3F93EB41DCB738000BB8BEB /* Sources */,
				F3F93EB51DCB738000BB8BEB /* Frameworks */,
				F3F93EB61DCB738000BB8BEB /* Resources */,
			);
			buildRules = (
			);
			dependencies = (
			);
			name = TextViewMitButton;
			productName = TextViewMitButton;
			productReference = F3F93EB81DCB738000BB8BEB /* TextViewMitButton.app */;
			productType = "com.apple.product-type.application";
		};
		F3F93ECB1DCB738100BB8BEB /* TextViewMitButtonTests */ = {
			isa = PBXNativeTarget;
			buildConfigurationList = F3F93ED81DCB738100BB8BEB /* Build configuration list for PBXNativeTarget "TextViewMitButtonTests" */;
			buildPhases = (
				F3F93EC81DCB738100BB8BEB /* Sources */,
				F3F93EC91DCB738100BB8BEB /* Frameworks */,
				F3F93ECA1DCB738100BB8BEB /* Resources */,
			);
			buildRules = (
			);
			dependencies = (
				F3F93ECE1DCB738100BB8BEB /* PBXTargetDependency */,
			);
			name = TextViewMitButtonTests;
			productName = TextViewMitButtonTests;
			productReference = F3F93ECC1DCB738100BB8BEB /* TextViewMitButtonTests.xctest */;
			productType = "com.apple.product-type.bundle.unit-test";
		};
/* End PBXNativeTarget section */

/* Begin PBXProject section */
		F3F93EB01DCB738000BB8BEB /* Project object */ = {
			isa = PBXProject;
			attributes = {
				LastSwiftUpdateCheck = 0810;
				LastUpgradeCheck = 0810;
				ORGANIZATIONNAME = "Straight Edge Digital";
				TargetAttributes = {
					F3F93EB71DCB738000BB8BEB = {
						CreatedOnToolsVersion = 8.1;
						DevelopmentTeam = NXCX4KC6V5;
						ProvisioningStyle = Automatic;
					};
					F3F93ECB1DCB738100BB8BEB = {
						CreatedOnToolsVersion = 8.1;
						DevelopmentTeam = NXCX4KC6V5;
						ProvisioningStyle = Automatic;
						TestTargetID = F3F93EB71DCB738000BB8BEB;
					};
				};
			};
			buildConfigurationList = F3F93EB31DCB738000BB8BEB /* Build configuration list for PBXProject "TextViewMitButton" */;
			compatibilityVersion = "Xcode 3.2";
			developmentRegion = English;
			hasScannedForEncodings = 0;
			knownRegions = (
				en,
				Base,
			);
			mainGroup = F3F93EAF1DCB738000BB8BEB;
			productRefGroup = F3F93EB91DCB738000BB8BEB /* Products */;
			projectDirPath = "";
			projectRoot = "";
			targets = (
				F3F93EB71DCB738000BB8BEB /* TextViewMitButton */,
				F3F93ECB1DCB738100BB8BEB /* TextViewMitButtonTests */,
			);
		};
/* End PBXProject section */

/* Begin PBXResourcesBuildPhase section */
		F3F93EB61DCB738000BB8BEB /* Resources */ = {
			isa = PBXResourcesBuildPhase;
			buildActionMask = 2147483647;
			files = (
				F3F93EC61DCB738000BB8BEB /* LaunchScreen.storyboard in Resources */,
				F3F93EC31DCB738000BB8BEB /* Assets.xcassets in Resources */,
				F3F93EC11DCB738000BB8BEB /* Main.storyboard in Resources */,
			);
			runOnlyForDeploymentPostprocessing = 0;
		};
		F3F93ECA1DCB738100BB8BEB /* Resources */ = {
			isa = PBXResourcesBuildPhase;
			buildActionMask = 2147483647;
			files = (
			);
			runOnlyForDeploymentPostprocessing = 0;
		};
/* End PBXResourcesBuildPhase section */

/* Begin PBXSourcesBuildPhase section */
		F3F93EB41DCB738000BB8BEB /* Sources */ = {
			isa = PBXSourcesBuildPhase;
			buildActionMask = 2147483647;
			files = (
				F3F93EBE1DCB738000BB8BEB /* ViewController.swift in Sources */,
				F3F93EBC1DCB738000BB8BEB /* AppDelegate.swift in Sources */,
				F3F93EDC1DCB73AD00BB8BEB /* TextViewWithButton.swift in Sources */,
			);
			runOnlyForDeploymentPostprocessing = 0;
		};
		F3F93EC81DCB738100BB8BEB /* Sources */ = {
			isa = PBXSourcesBuildPhase;
			buildActionMask = 2147483647;
			files = (
				F3F93EE11DCCBD8400BB8BEB /* ViewController.swift in Sources */,
				F3F93EDD1DCB818C00BB8BEB /* TextViewWithButton.swift in Sources */,
				F3F93ED11DCB738100BB8BEB /* TextViewMitButtonTests.swift in Sources */,
			);
			runOnlyForDeploymentPostprocessing = 0;
		};
/* End PBXSourcesBuildPhase section */

/* Begin PBXTargetDependency section */
		F3F93ECE1DCB738100BB8BEB /* PBXTargetDependency */ = {
			isa = PBXTargetDependency;
			target = F3F93EB71DCB738000BB8BEB /* TextViewMitButton */;
			targetProxy = F3F93ECD1DCB738100BB8BEB /* PBXContainerItemProxy */;
		};
/* End PBXTargetDependency section */

/* Begin PBXVariantGroup section */
		F3F93EBF1DCB738000BB8BEB /* Main.storyboard */ = {
			isa = PBXVariantGroup;
			children = (
				F3F93EC01DCB738000BB8BEB /* Base */,
			);
			name = Main.storyboard;
			sourceTree = "<group>";
		};
		F3F93EC41DCB738000BB8BEB /* LaunchScreen.storyboard */ = {
			isa = PBXVariantGroup;
			children = (
				F3F93EC51DCB738000BB8BEB /* Base */,
			);
			name = LaunchScreen.storyboard;
			sourceTree = "<group>";
		};
/* End PBXVariantGroup section */

/* Begin XCBuildConfiguration section */
		F3F93ED31DCB738100BB8BEB /* Debug */ = {
			isa = XCBuildConfiguration;
			buildSettings = {
				ALWAYS_SEARCH_USER_PATHS = NO;
				CLANG_ANALYZER_NONNULL = YES;
				CLANG_CXX_LANGUAGE_STANDARD = "gnu++0x";
				CLANG_CXX_LIBRARY = "libc++";
				CLANG_ENABLE_MODULES = YES;
				CLANG_ENABLE_OBJC_ARC = YES;
				CLANG_WARN_BOOL_CONVERSION = YES;
				CLANG_WARN_CONSTANT_CONVERSION = YES;
				CLANG_WARN_DIRECT_OBJC_ISA_USAGE = YES_ERROR;
				CLANG_WARN_DOCUMENTATION_COMMENTS = YES;
				CLANG_WARN_EMPTY_BODY = YES;
				CLANG_WARN_ENUM_CONVERSION = YES;
				CLANG_WARN_INFINITE_RECURSION = YES;
				CLANG_WARN_INT_CONVERSION = YES;
				CLANG_WARN_OBJC_ROOT_CLASS = YES_ERROR;
				CLANG_WARN_SUSPICIOUS_MOVES = YES;
				CLANG_WARN_UNREACHABLE_CODE = YES;
				CLANG_WARN__DUPLICATE_METHOD_MATCH = YES;
				"CODE_SIGN_IDENTITY[sdk=iphoneos*]" = "iPhone Developer";
				COPY_PHASE_STRIP = NO;
				DEBUG_INFORMATION_FORMAT = dwarf;
				ENABLE_STRICT_OBJC_MSGSEND = YES;
				ENABLE_TESTABILITY = YES;
				GCC_C_LANGUAGE_STANDARD = gnu99;
				GCC_DYNAMIC_NO_PIC = NO;
				GCC_NO_COMMON_BLOCKS = YES;
				GCC_OPTIMIZATION_LEVEL = 0;
				GCC_PREPROCESSOR_DEFINITIONS = (
					"DEBUG=1",
					"$(inherited)",
				);
				GCC_WARN_64_TO_32_BIT_CONVERSION = YES;
				GCC_WARN_ABOUT_RETURN_TYPE = YES_ERROR;
				GCC_WARN_UNDECLARED_SELECTOR = YES;
				GCC_WARN_UNINITIALIZED_AUTOS = YES_AGGRESSIVE;
				GCC_WARN_UNUSED_FUNCTION = YES;
				GCC_WARN_UNUSED_VARIABLE = YES;
				IPHONEOS_DEPLOYMENT_TARGET = 10.1;
				MTL_ENABLE_DEBUG_INFO = YES;
				ONLY_ACTIVE_ARCH = YES;
				SDKROOT = iphoneos;
				SWIFT_ACTIVE_COMPILATION_CONDITIONS = DEBUG;
				SWIFT_OPTIMIZATION_LEVEL = "-Onone";
				TARGETED_DEVICE_FAMILY = "1,2";
			};
			name = Debug;
		};
		F3F93ED41DCB738100BB8BEB /* Release */ = {
			isa = XCBuildConfiguration;
			buildSettings = {
				ALWAYS_SEARCH_USER_PATHS = NO;
				CLANG_ANALYZER_NONNULL = YES;
				CLANG_CXX_LANGUAGE_STANDARD = "gnu++0x";
				CLANG_CXX_LIBRARY = "libc++";
				CLANG_ENABLE_MODULES = YES;
				CLANG_ENABLE_OBJC_ARC = YES;
				CLANG_WARN_BOOL_CONVERSION = YES;
				CLANG_WARN_CONSTANT_CONVERSION = YES;
				CLANG_WARN_DIRECT_OBJC_ISA_USAGE = YES_ERROR;
				CLANG_WARN_DOCUMENTATION_COMMENTS = YES;
				CLANG_WARN_EMPTY_BODY = YES;
				CLANG_WARN_ENUM_CONVERSION = YES;
				CLANG_WARN_INFINITE_RECURSION = YES;
				CLANG_WARN_INT_CONVERSION = YES;
				CLANG_WARN_OBJC_ROOT_CLASS = YES_ERROR;
				CLANG_WARN_SUSPICIOUS_MOVES = YES;
				CLANG_WARN_UNREACHABLE_CODE = YES;
				CLANG_WARN__DUPLICATE_METHOD_MATCH = YES;
				"CODE_SIGN_IDENTITY[sdk=iphoneos*]" = "iPhone Developer";
				COPY_PHASE_STRIP = NO;
				DEBUG_INFORMATION_FORMAT = "dwarf-with-dsym";
				ENABLE_NS_ASSERTIONS = NO;
				ENABLE_STRICT_OBJC_MSGSEND = YES;
				GCC_C_LANGUAGE_STANDARD = gnu99;
				GCC_NO_COMMON_BLOCKS = YES;
				GCC_WARN_64_TO_32_BIT_CONVERSION = YES;
				GCC_WARN_ABOUT_RETURN_TYPE = YES_ERROR;
				GCC_WARN_UNDECLARED_SELECTOR = YES;
				GCC_WARN_UNINITIALIZED_AUTOS = YES_AGGRESSIVE;
				GCC_WARN_UNUSED_FUNCTION = YES;
				GCC_WARN_UNUSED_VARIABLE = YES;
				IPHONEOS_DEPLOYMENT_TARGET = 10.1;
				MTL_ENABLE_DEBUG_INFO = NO;
				SDKROOT = iphoneos;
				SWIFT_OPTIMIZATION_LEVEL = "-Owholemodule";
				TARGETED_DEVICE_FAMILY = "1,2";
				VALIDATE_PRODUCT = YES;
			};
			name = Release;
		};
		F3F93ED61DCB738100BB8BEB /* Debug */ = {
			isa = XCBuildConfiguration;
			buildSettings = {
				ASSETCATALOG_COMPILER_APPICON_NAME = AppIcon;
				DEVELOPMENT_TEAM = NXCX4KC6V5;
				INFOPLIST_FILE = TextViewMitButton/Info.plist;
				LD_RUNPATH_SEARCH_PATHS = "$(inherited) @executable_path/Frameworks";
				PRODUCT_BUNDLE_IDENTIFIER = co.straightedge.TextViewMitButton;
				PRODUCT_NAME = "$(TARGET_NAME)";
				SWIFT_VERSION = 3.0;
			};
			name = Debug;
		};
		F3F93ED71DCB738100BB8BEB /* Release */ = {
			isa = XCBuildConfiguration;
			buildSettings = {
				ASSETCATALOG_COMPILER_APPICON_NAME = AppIcon;
				DEVELOPMENT_TEAM = NXCX4KC6V5;
				INFOPLIST_FILE = TextViewMitButton/Info.plist;
				LD_RUNPATH_SEARCH_PATHS = "$(inherited) @executable_path/Frameworks";
				PRODUCT_BUNDLE_IDENTIFIER = co.straightedge.TextViewMitButton;
				PRODUCT_NAME = "$(TARGET_NAME)";
				SWIFT_VERSION = 3.0;
			};
			name = Release;
		};
		F3F93ED91DCB738100BB8BEB /* Debug */ = {
			isa = XCBuildConfiguration;
			buildSettings = {
				ALWAYS_EMBED_SWIFT_STANDARD_LIBRARIES = YES;
				BUNDLE_LOADER = "$(TEST_HOST)";
				DEVELOPMENT_TEAM = NXCX4KC6V5;
				INFOPLIST_FILE = TextViewMitButtonTests/Info.plist;
				LD_RUNPATH_SEARCH_PATHS = "$(inherited) @executable_path/Frameworks @loader_path/Frameworks";
				PRODUCT_BUNDLE_IDENTIFIER = co.straightedge.TextViewMitButtonTests;
				PRODUCT_NAME = "$(TARGET_NAME)";
				SWIFT_VERSION = 3.0;
				TEST_HOST = "$(BUILT_PRODUCTS_DIR)/TextViewMitButton.app/TextViewMitButton";
			};
			name = Debug;
		};
		F3F93EDA1DCB738100BB8BEB /* Release */ = {
			isa = XCBuildConfiguration;
			buildSettings = {
				ALWAYS_EMBED_SWIFT_STANDARD_LIBRARIES = YES;
				BUNDLE_LOADER = "$(TEST_HOST)";
				DEVELOPMENT_TEAM = NXCX4KC6V5;
				INFOPLIST_FILE = TextViewMitButtonTests/Info.plist;
				LD_RUNPATH_SEARCH_PATHS = "$(inherited) @executable_path/Frameworks @loader_path/Frameworks";
				PRODUCT_BUNDLE_IDENTIFIER = co.straightedge.TextViewMitButtonTests;
				PRODUCT_NAME = "$(TARGET_NAME)";
				SWIFT_VERSION = 3.0;
				TEST_HOST = "$(BUILT_PRODUCTS_DIR)/TextViewMitButton.app/TextViewMitButton";
			};
			name = Release;
		};
/* End XCBuildConfiguration section */

/* Begin XCConfigurationList section */
		F3F93EB31DCB738000BB8BEB /* Build configuration list for PBXProject "TextViewMitButton" */ = {
			isa = XCConfigurationList;
			buildConfigurations = (
				F3F93ED31DCB738100BB8BEB /* Debug */,
				F3F93ED41DCB738100BB8BEB /* Release */,
			);
			defaultConfigurationIsVisible = 0;
			defaultConfigurationName = Release;
		};
		F3F93ED51DCB738100BB8BEB /* Build configuration list for PBXNativeTarget "TextViewMitButton" */ = {
			isa = XCConfigurationList;
			buildConfigurations = (
				F3F93ED61DCB738100BB8BEB /* Debug */,
				F3F93ED71DCB738100BB8BEB /* Release */,
			);
			defaultConfigurationIsVisible = 0;
			defaultConfigurationName = Release;
		};
		F3F93ED81DCB738100BB8BEB /* Build configuration list for PBXNativeTarget "TextViewMitButtonTests" */ = {
			isa = XCConfigurationList;
			buildConfigurations = (
				F3F93ED91DCB738100BB8BEB /* Debug */,
				F3F93EDA1DCB738100BB8BEB /* Release */,
			);
			defaultConfigurationIsVisible = 0;
			defaultConfigurationName = Release;
		};
/* End XCConfigurationList section */
	};
	rootObject = F3F93EB01DCB738000BB8BEB /* Project object */;
}
